// !$*UTF8*$!
{
	archiveVersion = 1;
	classes = {
	};
	objectVersion = 46;
	objects = {

/* Begin PBXBuildFile section */
		B06303C31E52DA1300B37007 /* main.m in Sources */ = {isa = PBXBuildFile; fileRef = B06303C21E52DA1300B37007 /* main.m */; };
		B06303C61E52DA1300B37007 /* AppDelegate.m in Sources */ = {isa = PBXBuildFile; fileRef = B06303C51E52DA1300B37007 /* AppDelegate.m */; };
		B06303C91E52DA1300B37007 /* ViewController.m in Sources */ = {isa = PBXBuildFile; fileRef = B06303C81E52DA1300B37007 /* ViewController.m */; };
		B06303CC1E52DA1300B37007 /* Main.storyboard in Resources */ = {isa = PBXBuildFile; fileRef = B06303CA1E52DA1300B37007 /* Main.storyboard */; };
		B06303CE1E52DA1300B37007 /* Assets.xcassets in Resources */ = {isa = PBXBuildFile; fileRef = B06303CD1E52DA1300B37007 /* Assets.xcassets */; };
		B06303D11E52DA1300B37007 /* LaunchScreen.storyboard in Resources */ = {isa = PBXBuildFile; fileRef = B06303CF1E52DA1300B37007 /* LaunchScreen.storyboard */; };
		B06303F01E52E39C00B37007 /* TreeNode.m in Sources */ = {isa = PBXBuildFile; fileRef = B06303E81E52E39C00B37007 /* TreeNode.m */; };
		B06303F11E52E39C00B37007 /* TreeViewCell.m in Sources */ = {isa = PBXBuildFile; fileRef = B06303EA1E52E39C00B37007 /* TreeViewCell.m */; };
		B06303F21E52E39C00B37007 /* TreeViewCell.xib in Resources */ = {isa = PBXBuildFile; fileRef = B06303EB1E52E39C00B37007 /* TreeViewCell.xib */; };
		B06303F31E52E39C00B37007 /* TreeViewPresenter.m in Sources */ = {isa = PBXBuildFile; fileRef = B06303ED1E52E39C00B37007 /* TreeViewPresenter.m */; };
		B06303F41E52E39C00B37007 /* UITreeView.m in Sources */ = {isa = PBXBuildFile; fileRef = B06303EF1E52E39C00B37007 /* UITreeView.m */; };
/* End PBXBuildFile section */

/* Begin PBXFileReference section */
		B06303BE1E52DA1300B37007 /* UITreeView.app */ = {isa = PBXFileReference; explicitFileType = wrapper.application; includeInIndex = 0; path = UITreeView.app; sourceTree = BUILT_PRODUCTS_DIR; };
		B06303C21E52DA1300B37007 /* main.m */ = {isa = PBXFileReference; lastKnownFileType = sourcecode.c.objc; path = main.m; sourceTree = "<group>"; };
		B06303C41E52DA1300B37007 /* AppDelegate.h */ = {isa = PBXFileReference; lastKnownFileType = sourcecode.c.h; path = AppDelegate.h; sourceTree = "<group>"; };
		B06303C51E52DA1300B37007 /* AppDelegate.m */ = {isa = PBXFileReference; lastKnownFileType = sourcecode.c.objc; path = AppDelegate.m; sourceTree = "<group>"; };
		B06303C71E52DA1300B37007 /* ViewController.h */ = {isa = PBXFileReference; lastKnownFileType = sourcecode.c.h; path = ViewController.h; sourceTree = "<group>"; };
		B06303C81E52DA1300B37007 /* ViewController.m */ = {isa = PBXFileReference; lastKnownFileType = sourcecode.c.objc; path = ViewController.m; sourceTree = "<group>"; };
		B06303CB1E52DA1300B37007 /* Base */ = {isa = PBXFileReference; lastKnownFileType = file.storyboard; name = Base; path = Base.lproj/Main.storyboard; sourceTree = "<group>"; };
		B06303CD1E52DA1300B37007 /* Assets.xcassets */ = {isa = PBXFileReference; lastKnownFileType = folder.assetcatalog; path = Assets.xcassets; sourceTree = "<group>"; };
		B06303D01E52DA1300B37007 /* Base */ = {isa = PBXFileReference; lastKnownFileType = file.storyboard; name = Base; path = Base.lproj/LaunchScreen.storyboard; sourceTree = "<group>"; };
		B06303D21E52DA1300B37007 /* Info.plist */ = {isa = PBXFileReference; lastKnownFileType = text.plist.xml; path = Info.plist; sourceTree = "<group>"; };
		B06303E71E52E39C00B37007 /* TreeNode.h */ = {isa = PBXFileReference; fileEncoding = 4; lastKnownFileType = sourcecode.c.h; path = TreeNode.h; sourceTree = "<group>"; };
		B06303E81E52E39C00B37007 /* TreeNode.m */ = {isa = PBXFileReference; fileEncoding = 4; lastKnownFileType = sourcecode.c.objc; path = TreeNode.m; sourceTree = "<group>"; };
		B06303E91E52E39C00B37007 /* TreeViewCell.h */ = {isa = PBXFileReference; fileEncoding = 4; lastKnownFileType = sourcecode.c.h; path = TreeViewCell.h; sourceTree = "<group>"; };
		B06303EA1E52E39C00B37007 /* TreeViewCell.m */ = {isa = PBXFileReference; fileEncoding = 4; lastKnownFileType = sourcecode.c.objc; path = TreeViewCell.m; sourceTree = "<group>"; };
		B06303EB1E52E39C00B37007 /* TreeViewCell.xib */ = {isa = PBXFileReference; fileEncoding = 4; lastKnownFileType = file.xib; path = TreeViewCell.xib; sourceTree = "<group>"; };
		B06303EC1E52E39C00B37007 /* TreeViewPresenter.h */ = {isa = PBXFileReference; fileEncoding = 4; lastKnownFileType = sourcecode.c.h; path = TreeViewPresenter.h; sourceTree = "<group>"; };
		B06303ED1E52E39C00B37007 /* TreeViewPresenter.m */ = {isa = PBXFileReference; fileEncoding = 4; lastKnownFileType = sourcecode.c.objc; path = TreeViewPresenter.m; sourceTree = "<group>"; };
		B06303EE1E52E39C00B37007 /* UITreeView.h */ = {isa = PBXFileReference; fileEncoding = 4; lastKnownFileType = sourcecode.c.h; path = UITreeView.h; sourceTree = "<group>"; };
		B06303EF1E52E39C00B37007 /* UITreeView.m */ = {isa = PBXFileReference; fileEncoding = 4; lastKnownFileType = sourcecode.c.objc; path = UITreeView.m; sourceTree = "<group>"; };
/* End PBXFileReference section */

/* Begin PBXFrameworksBuildPhase section */
		B06303BB1E52DA1300B37007 /* Frameworks */ = {
			isa = PBXFrameworksBuildPhase;
			buildActionMask = 2147483647;
			files = (
			);
			runOnlyForDeploymentPostprocessing = 0;
		};
/* End PBXFrameworksBuildPhase section */

/* Begin PBXGroup section */
		B06303B51E52DA1300B37007 = {
			isa = PBXGroup;
			children = (
				B06303C01E52DA1300B37007 /* UITreeView */,
				B06303BF1E52DA1300B37007 /* Products */,
			);
			sourceTree = "<group>";
		};
		B06303BF1E52DA1300B37007 /* Products */ = {
			isa = PBXGroup;
			children = (
				B06303BE1E52DA1300B37007 /* UITreeView.app */,
			);
			name = Products;
			sourceTree = "<group>";
		};
		B06303C01E52DA1300B37007 /* UITreeView */ = {
			isa = PBXGroup;
			children = (
				B06303E61E52E39C00B37007 /* TreeView */,
				B06303C41E52DA1300B37007 /* AppDelegate.h */,
				B06303C51E52DA1300B37007 /* AppDelegate.m */,
				B06303C71E52DA1300B37007 /* ViewController.h */,
				B06303C81E52DA1300B37007 /* ViewController.m */,
				B06303CA1E52DA1300B37007 /* Main.storyboard */,
				B06303CD1E52DA1300B37007 /* Assets.xcassets */,
				B06303CF1E52DA1300B37007 /* LaunchScreen.storyboard */,
				B06303D21E52DA1300B37007 /* Info.plist */,
				B06303C11E52DA1300B37007 /* Supporting Files */,
			);
			path = UITreeView;
			sourceTree = "<group>";
		};
		B06303C11E52DA1300B37007 /* Supporting Files */ = {
			isa = PBXGroup;
			children = (
				B06303C21E52DA1300B37007 /* main.m */,
			);
			name = "Supporting Files";
			sourceTree = "<group>";
		};
		B06303E61E52E39C00B37007 /* TreeView */ = {
			isa = PBXGroup;
			children = (
				B06303E71E52E39C00B37007 /* TreeNode.h */,
				B06303E81E52E39C00B37007 /* TreeNode.m */,
				B06303EC1E52E39C00B37007 /* TreeViewPresenter.h */,
				B06303ED1E52E39C00B37007 /* TreeViewPresenter.m */,
				B06303E91E52E39C00B37007 /* TreeViewCell.h */,
				B06303EA1E52E39C00B37007 /* TreeViewCell.m */,
				B06303EB1E52E39C00B37007 /* TreeViewCell.xib */,
				B06303EE1E52E39C00B37007 /* UITreeView.h */,
				B06303EF1E52E39C00B37007 /* UITreeView.m */,
			);
			path = TreeView;
			sourceTree = "<group>";
		};
/* End PBXGroup section */

/* Begin PBXNativeTarget section */
		B06303BD1E52DA1300B37007 /* UITreeView */ = {
			isa = PBXNativeTarget;
			buildConfigurationList = B06303D51E52DA1300B37007 /* Build configuration list for PBXNativeTarget "UITreeView" */;
			buildPhases = (
				B06303BA1E52DA1300B37007 /* Sources */,
				B06303BB1E52DA1300B37007 /* Frameworks */,
				B06303BC1E52DA1300B37007 /* Resources */,
			);
			buildRules = (
			);
			dependencies = (
			);
			name = UITreeView;
			productName = UITreeView;
			productReference = B06303BE1E52DA1300B37007 /* UITreeView.app */;
			productType = "com.apple.product-type.application";
		};
/* End PBXNativeTarget section */

/* Begin PBXProject section */
		B06303B61E52DA1300B37007 /* Project object */ = {
			isa = PBXProject;
			attributes = {
				LastUpgradeCheck = 0810;
				ORGANIZATIONNAME = com;
				TargetAttributes = {
					B06303BD1E52DA1300B37007 = {
						CreatedOnToolsVersion = 8.1;
						DevelopmentTeam = R8DC8ZNV36;
						ProvisioningStyle = Automatic;
					};
				};
			};
			buildConfigurationList = B06303B91E52DA1300B37007 /* Build configuration list for PBXProject "UITreeView" */;
			compatibilityVersion = "Xcode 3.2";
			developmentRegion = English;
			hasScannedForEncodings = 0;
			knownRegions = (
				en,
				Base,
			);
			mainGroup = B06303B51E52DA1300B37007;
			productRefGroup = B06303BF1E52DA1300B37007 /* Products */;
			projectDirPath = "";
			projectRoot = "";
			targets = (
				B06303BD1E52DA1300B37007 /* UITreeView */,
			);
		};
/* End PBXProject section */

/* Begin PBXResourcesBuildPhase section */
		B06303BC1E52DA1300B37007 /* Resources */ = {
			isa = PBXResourcesBuildPhase;
			buildActionMask = 2147483647;
			files = (
				B06303F21E52E39C00B37007 /* TreeViewCell.xib in Resources */,
				B06303D11E52DA1300B37007 /* LaunchScreen.storyboard in Resources */,
				B06303CE1E52DA1300B37007 /* Assets.xcassets in Resources */,
				B06303CC1E52DA1300B37007 /* Main.storyboard in Resources */,
			);
			runOnlyForDeploymentPostprocessing = 0;
		};
/* End PBXResourcesBuildPhase section */

/* Begin PBXSourcesBuildPhase section */
		B06303BA1E52DA1300B37007 /* Sources */ = {
			isa = PBXSourcesBuildPhase;
			buildActionMask = 2147483647;
			files = (
				B06303F41E52E39C00B37007 /* UITreeView.m in Sources */,
				B06303F11E52E39C00B37007 /* TreeViewCell.m in Sources */,
				B06303C91E52DA1300B37007 /* ViewController.m in Sources */,
				B06303C61E52DA1300B37007 /* AppDelegate.m in Sources */,
				B06303F31E52E39C00B37007 /* TreeViewPresenter.m in Sources */,
				B06303C31E52DA1300B37007 /* main.m in Sources */,
				B06303F01E52E39C00B37007 /* TreeNode.m in Sources */,
			);
			runOnlyForDeploymentPostprocessing = 0;
		};
/* End PBXSourcesBuildPhase section */

/* Begin PBXVariantGroup section */
		B06303CA1E52DA1300B37007 /* Main.storyboard */ = {
			isa = PBXVariantGroup;
			children = (
				B06303CB1E52DA1300B37007 /* Base */,
			);
			name = Main.storyboard;
			sourceTree = "<group>";
		};
		B06303CF1E52DA1300B37007 /* LaunchScreen.storyboard */ = {
			isa = PBXVariantGroup;
			children = (
				B06303D01E52DA1300B37007 /* Base */,
			);
			name = LaunchScreen.storyboard;
			sourceTree = "<group>";
		};
/* End PBXVariantGroup section */

/* Begin XCBuildConfiguration section */
		B06303D31E52DA1300B37007 /* Debug */ = {
			isa = XCBuildConfiguration;
			buildSettings = {
				ALWAYS_SEARCH_USER_PATHS = NO;
				CLANG_ANALYZER_NONNULL = YES;
				CLANG_CXX_LANGUAGE_STANDARD = "gnu++0x";
				CLANG_CXX_LIBRARY = "libc++";
				CLANG_ENABLE_MODULES = YES;
				CLANG_ENABLE_OBJC_ARC = YES;
				CLANG_WARN_BOOL_CONVERSION = YES;
				CLANG_WARN_CONSTANT_CONVERSION = YES;
				CLANG_WARN_DIRECT_OBJC_ISA_USAGE = YES_ERROR;
				CLANG_WARN_DOCUMENTATION_COMMENTS = YES;
				CLANG_WARN_EMPTY_BODY = YES;
				CLANG_WARN_ENUM_CONVERSION = YES;
				CLANG_WARN_INFINITE_RECURSION = YES;
				CLANG_WARN_INT_CONVERSION = YES;
				CLANG_WARN_OBJC_ROOT_CLASS = YES_ERROR;
				CLANG_WARN_SUSPICIOUS_MOVES = YES;
				CLANG_WARN_UNREACHABLE_CODE = YES;
				CLANG_WARN__DUPLICATE_METHOD_MATCH = YES;
				"CODE_SIGN_IDENTITY[sdk=iphoneos*]" = "iPhone Developer";
				COPY_PHASE_STRIP = NO;
				DEBUG_INFORMATION_FORMAT = dwarf;
				ENABLE_STRICT_OBJC_MSGSEND = YES;
				ENABLE_TESTABILITY = YES;
				GCC_C_LANGUAGE_STANDARD = gnu99;
				GCC_DYNAMIC_NO_PIC = NO;
				GCC_NO_COMMON_BLOCKS = YES;
				GCC_OPTIMIZATION_LEVEL = 0;
				GCC_PREPROCESSOR_DEFINITIONS = (
					"DEBUG=1",
					"$(inherited)",
				);
				GCC_WARN_64_TO_32_BIT_CONVERSION = YES;
				GCC_WARN_ABOUT_RETURN_TYPE = YES_ERROR;
				GCC_WARN_UNDECLARED_SELECTOR = YES;
				GCC_WARN_UNINITIALIZED_AUTOS = YES_AGGRESSIVE;
				GCC_WARN_UNUSED_FUNCTION = YES;
				GCC_WARN_UNUSED_VARIABLE = YES;
				IPHONEOS_DEPLOYMENT_TARGET = 10.1;
				MTL_ENABLE_DEBUG_INFO = YES;
				ONLY_ACTIVE_ARCH = YES;
				SDKROOT = iphoneos;
			};
			name = Debug;
		};
		B06303D41E52DA1300B37007 /* Release */ = {
			isa = XCBuildConfiguration;
			buildSettings = {
				ALWAYS_SEARCH_USER_PATHS = NO;
				CLANG_ANALYZER_NONNULL = YES;
				CLANG_CXX_LANGUAGE_STANDARD = "gnu++0x";
				CLANG_CXX_LIBRARY = "libc++";
				CLANG_ENABLE_MODULES = YES;
				CLANG_ENABLE_OBJC_ARC = YES;
				CLANG_WARN_BOOL_CONVERSION = YES;
				CLANG_WARN_CONSTANT_CONVERSION = YES;
				CLANG_WARN_DIRECT_OBJC_ISA_USAGE = YES_ERROR;
				CLANG_WARN_DOCUMENTATION_COMMENTS = YES;
				CLANG_WARN_EMPTY_BODY = YES;
				CLANG_WARN_ENUM_CONVERSION = YES;
				CLANG_WARN_INFINITE_RECURSION = YES;
				CLANG_WARN_INT_CONVERSION = YES;
				CLANG_WARN_OBJC_ROOT_CLASS = YES_ERROR;
				CLANG_WARN_SUSPICIOUS_MOVES = YES;
				CLANG_WARN_UNREACHABLE_CODE = YES;
				CLANG_WARN__DUPLICATE_METHOD_MATCH = YES;
				"CODE_SIGN_IDENTITY[sdk=iphoneos*]" = "iPhone Developer";
				COPY_PHASE_STRIP = NO;
				DEBUG_INFORMATION_FORMAT = "dwarf-with-dsym";
				ENABLE_NS_ASSERTIONS = NO;
				ENABLE_STRICT_OBJC_MSGSEND = YES;
				GCC_C_LANGUAGE_STANDARD = gnu99;
				GCC_NO_COMMON_BLOCKS = YES;
				GCC_WARN_64_TO_32_BIT_CONVERSION = YES;
				GCC_WARN_ABOUT_RETURN_TYPE = YES_ERROR;
				GCC_WARN_UNDECLARED_SELECTOR = YES;
				GCC_WARN_UNINITIALIZED_AUTOS = YES_AGGRESSIVE;
				GCC_WARN_UNUSED_FUNCTION = YES;
				GCC_WARN_UNUSED_VARIABLE = YES;
				IPHONEOS_DEPLOYMENT_TARGET = 10.1;
				MTL_ENABLE_DEBUG_INFO = NO;
				SDKROOT = iphoneos;
				VALIDATE_PRODUCT = YES;
			};
			name = Release;
		};
		B06303D61E52DA1300B37007 /* Debug */ = {
			isa = XCBuildConfiguration;
			buildSettings = {
				ASSETCATALOG_COMPILER_APPICON_NAME = AppIcon;
				DEVELOPMENT_TEAM = R8DC8ZNV36;
				INFOPLIST_FILE = UITreeView/Info.plist;
				LD_RUNPATH_SEARCH_PATHS = "$(inherited) @executable_path/Frameworks";
				PRODUCT_BUNDLE_IDENTIFIER = com.befc.UITreeView;
				PRODUCT_NAME = "$(TARGET_NAME)";
			};
			name = Debug;
		};
		B06303D71E52DA1300B37007 /* Release */ = {
			isa = XCBuildConfiguration;
			buildSettings = {
				ASSETCATALOG_COMPILER_APPICON_NAME = AppIcon;
				DEVELOPMENT_TEAM = R8DC8ZNV36;
				INFOPLIST_FILE = UITreeView/Info.plist;
				LD_RUNPATH_SEARCH_PATHS = "$(inherited) @executable_path/Frameworks";
				PRODUCT_BUNDLE_IDENTIFIER = com.befc.UITreeView;
				PRODUCT_NAME = "$(TARGET_NAME)";
			};
			name = Release;
		};
/* End XCBuildConfiguration section */

/* Begin XCConfigurationList section */
		B06303B91E52DA1300B37007 /* Build configuration list for PBXProject "UITreeView" */ = {
			isa = XCConfigurationList;
			buildConfigurations = (
				B06303D31E52DA1300B37007 /* Debug */,
				B06303D41E52DA1300B37007 /* Release */,
			);
			defaultConfigurationIsVisible = 0;
			defaultConfigurationName = Release;
		};
		B06303D51E52DA1300B37007 /* Build configuration list for PBXNativeTarget "UITreeView" */ = {
			isa = XCConfigurationList;
			buildConfigurations = (
				B06303D61E52DA1300B37007 /* Debug */,
				B06303D71E52DA1300B37007 /* Release */,
			);
			defaultConfigurationIsVisible = 0;
		};
/* End XCConfigurationList section */
	};
	rootObject = B06303B61E52DA1300B37007 /* Project object */;
}
